
Microsoft Visual Studio Solution File, Format Version 12.00
# Visual Studio 15
VisualStudioVersion = 15.0.26124.0
MinimumVisualStudioVersion = 15.0.26124.0
Project("{2150E333-8FDC-42A3-9474-1A3956D46DE8}") = "src", "src", "{0DF5A640-7F3B-4997-BC00-D58F3C059739}"
EndProject
Project("{FAE04EC0-301F-11D3-BF4B-00C04F79EFBC}") = "AdventOfCode2019", "src\AdventOfCode2019\AdventOfCode2019.csproj", "{A4449605-EAEF-4838-AAFF-49EDE196CFA1}"
EndProject
Project("{2150E333-8FDC-42A3-9474-1A3956D46DE8}") = "test", "test", "{F9140B38-8F08-4D46-B390-00D80320E7D8}"
EndProject
Project("{FAE04EC0-301F-11D3-BF4B-00C04F79EFBC}") = "AdventOfCode2019.Tests", "test\AdventOfCode2019.Tests\AdventOfCode2019.Tests.csproj", "{FF23FE50-AA70-4CDA-8714-F164F62BD21A}"
EndProject
Global
	GlobalSection(SolutionConfigurationPlatforms) = preSolution
		Debug|Any CPU = Debug|Any CPU
		Debug|x64 = Debug|x64
		Debug|x86 = Debug|x86
		Release|Any CPU = Release|Any CPU
		Release|x64 = Release|x64
		Release|x86 = Release|x86
	EndGlobalSection
	GlobalSection(SolutionProperties) = preSolution
		HideSolutionNode = FALSE
	EndGlobalSection
	GlobalSection(ProjectConfigurationPlatforms) = postSolution
		{A4449605-EAEF-4838-AAFF-49EDE196CFA1}.Debug|Any CPU.ActiveCfg = Debug|Any CPU
		{A4449605-EAEF-4838-AAFF-49EDE196CFA1}.Debug|Any CPU.Build.0 = Debug|Any CPU
		{A4449605-EAEF-4838-AAFF-49EDE196CFA1}.Debug|x64.ActiveCfg = Debug|Any CPU
		{A4449605-EAEF-4838-AAFF-49EDE196CFA1}.Debug|x64.Build.0 = Debug|Any CPU
		{A4449605-EAEF-4838-AAFF-49EDE196CFA1}.Debug|x86.ActiveCfg = Debug|Any CPU
		{A4449605-EAEF-4838-AAFF-49EDE196CFA1}.Debug|x86.Build.0 = Debug|Any CPU
		{A4449605-EAEF-4838-AAFF-49EDE196CFA1}.Release|Any CPU.ActiveCfg = Release|Any CPU
		{A4449605-EAEF-4838-AAFF-49EDE196CFA1}.Release|Any CPU.Build.0 = Release|Any CPU
		{A4449605-EAEF-4838-AAFF-49EDE196CFA1}.Release|x64.ActiveCfg = Release|Any CPU
		{A4449605-EAEF-4838-AAFF-49EDE196CFA1}.Release|x64.Build.0 = Release|Any CPU
		{A4449605-EAEF-4838-AAFF-49EDE196CFA1}.Release|x86.ActiveCfg = Release|Any CPU
		{A4449605-EAEF-4838-AAFF-49EDE196CFA1}.Release|x86.Build.0 = Release|Any CPU
		{FF23FE50-AA70-4CDA-8714-F164F62BD21A}.Debug|Any CPU.ActiveCfg = Debug|Any CPU
		{FF23FE50-AA70-4CDA-8714-F164F62BD21A}.Debug|Any CPU.Build.0 = Debug|Any CPU
		{FF23FE50-AA70-4CDA-8714-F164F62BD21A}.Debug|x64.ActiveCfg = Debug|Any CPU
		{FF23FE50-AA70-4CDA-8714-F164F62BD21A}.Debug|x64.Build.0 = Debug|Any CPU
		{FF23FE50-AA70-4CDA-8714-F164F62BD21A}.Debug|x86.ActiveCfg = Debug|Any CPU
		{FF23FE50-AA70-4CDA-8714-F164F62BD21A}.Debug|x86.Build.0 = Debug|Any CPU
		{FF23FE50-AA70-4CDA-8714-F164F62BD21A}.Release|Any CPU.ActiveCfg = Release|Any CPU
		{FF23FE50-AA70-4CDA-8714-F164F62BD21A}.Release|Any CPU.Build.0 = Release|Any CPU
		{FF23FE50-AA70-4CDA-8714-F164F62BD21A}.Release|x64.ActiveCfg = Release|Any CPU
		{FF23FE50-AA70-4CDA-8714-F164F62BD21A}.Release|x64.Build.0 = Release|Any CPU
		{FF23FE50-AA70-4CDA-8714-F164F62BD21A}.Release|x86.ActiveCfg = Release|Any CPU
		{FF23FE50-AA70-4CDA-8714-F164F62BD21A}.Release|x86.Build.0 = Release|Any CPU
	EndGlobalSection
	GlobalSection(NestedProjects) = preSolution
		{A4449605-EAEF-4838-AAFF-49EDE196CFA1} = {0DF5A640-7F3B-4997-BC00-D58F3C059739}
		{FF23FE50-AA70-4CDA-8714-F164F62BD21A} = {F9140B38-8F08-4D46-B390-00D80320E7D8}
	EndGlobalSection
EndGlobal
